// !$*UTF8*$!
{
	archiveVersion = 1;
	classes = {
	};
	objectVersion = 48;
	objects = {

/* Begin PBXBuildFile section */
		9AD7FE871DB31FA2009318CF /* 03-sort-subrange.cpp in Sources */ = {isa = PBXBuildFile; fileRef = 9AD7FE851DB31FA2009318CF /* 03-sort-subrange.cpp */; };
		9AD7FE881DB31FA2009318CF /* 04-class-inheritance.cpp in Sources */ = {isa = PBXBuildFile; fileRef = 9AD7FE861DB31FA2009318CF /* 04-class-inheritance.cpp */; };
/* End PBXBuildFile section */

/* Begin PBXCopyFilesBuildPhase section */
		9A670CED1DA325BF00E619FE /* CopyFiles */ = {
			isa = PBXCopyFilesBuildPhase;
			buildActionMask = 2147483647;
			dstPath = /usr/share/man/man1/;
			dstSubfolderSpec = 0;
			files = (
			);
			runOnlyForDeploymentPostprocessing = 1;
		};
/* End PBXCopyFilesBuildPhase section */

/* Begin PBXFileReference section */
		9A670CEF1DA325BF00E619FE /* better-code */ = {isa = PBXFileReference; explicitFileType = "compiled.mach-o.executable"; includeInIndex = 0; path = "better-code"; sourceTree = BUILT_PRODUCTS_DIR; };
		9AD7FE851DB31FA2009318CF /* 03-sort-subrange.cpp */ = {isa = PBXFileReference; fileEncoding = 4; lastKnownFileType = sourcecode.cpp.cpp; path = "03-sort-subrange.cpp"; sourceTree = "<group>"; };
		9AD7FE861DB31FA2009318CF /* 04-class-inheritance.cpp */ = {isa = PBXFileReference; fileEncoding = 4; lastKnownFileType = sourcecode.cpp.cpp; path = "04-class-inheritance.cpp"; sourceTree = "<group>"; };
/* End PBXFileReference section */

/* Begin PBXFrameworksBuildPhase section */
		9A670CEC1DA325BF00E619FE /* Frameworks */ = {
			isa = PBXFrameworksBuildPhase;
			buildActionMask = 2147483647;
			files = (
			);
			runOnlyForDeploymentPostprocessing = 0;
		};
/* End PBXFrameworksBuildPhase section */

/* Begin PBXGroup section */
		9A670CE61DA325BF00E619FE = {
			isa = PBXGroup;
			children = (
				9AD7FE841DB31FA2009318CF /* better-code */,
				9A670CF01DA325BF00E619FE /* Products */,
			);
			sourceTree = "<group>";
		};
		9A670CF01DA325BF00E619FE /* Products */ = {
			isa = PBXGroup;
			children = (
				9A670CEF1DA325BF00E619FE /* better-code */,
			);
			name = Products;
			sourceTree = "<group>";
		};
		9AD7FE841DB31FA2009318CF /* better-code */ = {
			isa = PBXGroup;
			children = (
				9AD7FE851DB31FA2009318CF /* 03-sort-subrange.cpp */,
				9AD7FE861DB31FA2009318CF /* 04-class-inheritance.cpp */,
			);
			path = "better-code";
			sourceTree = "<group>";
		};
/* End PBXGroup section */

/* Begin PBXNativeTarget section */
		9A670CEE1DA325BF00E619FE /* better-code */ = {
			isa = PBXNativeTarget;
			buildConfigurationList = 9A670CF61DA325BF00E619FE /* Build configuration list for PBXNativeTarget "better-code" */;
			buildPhases = (
				9A670CEB1DA325BF00E619FE /* Sources */,
				9A670CEC1DA325BF00E619FE /* Frameworks */,
				9A670CED1DA325BF00E619FE /* CopyFiles */,
			);
			buildRules = (
			);
			dependencies = (
			);
			name = "better-code";
			productName = "better-code";
			productReference = 9A670CEF1DA325BF00E619FE /* better-code */;
			productType = "com.apple.product-type.tool";
		};
/* End PBXNativeTarget section */

/* Begin PBXProject section */
		9A670CE71DA325BF00E619FE /* Project object */ = {
			isa = PBXProject;
			attributes = {
				LastUpgradeCheck = 0800;
				ORGANIZATIONNAME = "sean-parent";
				TargetAttributes = {
					9A670CEE1DA325BF00E619FE = {
						CreatedOnToolsVersion = 8.0;
						ProvisioningStyle = Automatic;
					};
				};
			};
			buildConfigurationList = 9A670CEA1DA325BF00E619FE /* Build configuration list for PBXProject "better-code" */;
			compatibilityVersion = "Xcode 8.0";
			developmentRegion = English;
			hasScannedForEncodings = 0;
			knownRegions = (
				en,
			);
			mainGroup = 9A670CE61DA325BF00E619FE;
			productRefGroup = 9A670CF01DA325BF00E619FE /* Products */;
			projectDirPath = "";
			projectRoot = "";
			targets = (
				9A670CEE1DA325BF00E619FE /* better-code */,
			);
		};
/* End PBXProject section */

/* Begin PBXSourcesBuildPhase section */
		9A670CEB1DA325BF00E619FE /* Sources */ = {
			isa = PBXSourcesBuildPhase;
			buildActionMask = 2147483647;
			files = (
				9AD7FE871DB31FA2009318CF /* 03-sort-subrange.cpp in Sources */,
				9AD7FE881DB31FA2009318CF /* 04-class-inheritance.cpp in Sources */,
			);
			runOnlyForDeploymentPostprocessing = 0;
		};
/* End PBXSourcesBuildPhase section */

/* Begin XCBuildConfiguration section */
		9A670CF41DA325BF00E619FE /* Debug */ = {
			isa = XCBuildConfiguration;
			buildSettings = {
				ALWAYS_SEARCH_USER_PATHS = NO;
				CLANG_ANALYZER_NONNULL = YES;
				CLANG_CXX_LANGUAGE_STANDARD = "c++14";
				CLANG_CXX_LIBRARY = "libc++";
				CLANG_ENABLE_MODULES = YES;
				CLANG_ENABLE_OBJC_ARC = YES;
				CLANG_WARN_BOOL_CONVERSION = YES;
				CLANG_WARN_CONSTANT_CONVERSION = YES;
				CLANG_WARN_DIRECT_OBJC_ISA_USAGE = YES_ERROR;
				CLANG_WARN_DOCUMENTATION_COMMENTS = YES;
				CLANG_WARN_EMPTY_BODY = YES;
				CLANG_WARN_ENUM_CONVERSION = YES;
				CLANG_WARN_INFINITE_RECURSION = YES;
				CLANG_WARN_INT_CONVERSION = YES;
				CLANG_WARN_OBJC_ROOT_CLASS = YES_ERROR;
				CLANG_WARN_SUSPICIOUS_MOVES = YES;
				CLANG_WARN_UNREACHABLE_CODE = YES;
				CLANG_WARN__DUPLICATE_METHOD_MATCH = YES;
				CODE_SIGN_IDENTITY = "-";
				COPY_PHASE_STRIP = NO;
				DEBUG_INFORMATION_FORMAT = dwarf;
				ENABLE_STRICT_OBJC_MSGSEND = YES;
				ENABLE_TESTABILITY = YES;
				GCC_C_LANGUAGE_STANDARD = gnu99;
				GCC_DYNAMIC_NO_PIC = NO;
				GCC_NO_COMMON_BLOCKS = YES;
				GCC_OPTIMIZATION_LEVEL = 0;
				GCC_PREPROCESSOR_DEFINITIONS = (
					"DEBUG=1",
					"$(inherited)",
				);
				GCC_WARN_64_TO_32_BIT_CONVERSION = YES;
				GCC_WARN_ABOUT_RETURN_TYPE = YES_ERROR;
				GCC_WARN_UNDECLARED_SELECTOR = YES;
				GCC_WARN_UNINITIALIZED_AUTOS = YES_AGGRESSIVE;
				GCC_WARN_UNUSED_FUNCTION = YES;
				GCC_WARN_UNUSED_VARIABLE = YES;
				MACOSX_DEPLOYMENT_TARGET = 10.12;
				MTL_ENABLE_DEBUG_INFO = YES;
				ONLY_ACTIVE_ARCH = YES;
				SDKROOT = macosx;
			};
			name = Debug;
		};
		9A670CF51DA325BF00E619FE /* Release */ = {
			isa = XCBuildConfiguration;
			buildSettings = {
				ALWAYS_SEARCH_USER_PATHS = NO;
				CLANG_ANALYZER_NONNULL = YES;
				CLANG_CXX_LANGUAGE_STANDARD = "c++14";
				CLANG_CXX_LIBRARY = "libc++";
				CLANG_ENABLE_MODULES = YES;
				CLANG_ENABLE_OBJC_ARC = YES;
				CLANG_WARN_BOOL_CONVERSION = YES;
				CLANG_WARN_CONSTANT_CONVERSION = YES;
				CLANG_WARN_DIRECT_OBJC_ISA_USAGE = YES_ERROR;
				CLANG_WARN_DOCUMENTATION_COMMENTS = YES;
				CLANG_WARN_EMPTY_BODY = YES;
				CLANG_WARN_ENUM_CONVERSION = YES;
				CLANG_WARN_INFINITE_RECURSION = YES;
				CLANG_WARN_INT_CONVERSION = YES;
				CLANG_WARN_OBJC_ROOT_CLASS = YES_ERROR;
				CLANG_WARN_SUSPICIOUS_MOVES = YES;
				CLANG_WARN_UNREACHABLE_CODE = YES;
				CLANG_WARN__DUPLICATE_METHOD_MATCH = YES;
				CODE_SIGN_IDENTITY = "-";
				COPY_PHASE_STRIP = NO;
				DEBUG_INFORMATION_FORMAT = "dwarf-with-dsym";
				ENABLE_NS_ASSERTIONS = NO;
				ENABLE_STRICT_OBJC_MSGSEND = YES;
				GCC_C_LANGUAGE_STANDARD = gnu99;
				GCC_NO_COMMON_BLOCKS = YES;
				GCC_WARN_64_TO_32_BIT_CONVERSION = YES;
				GCC_WARN_ABOUT_RETURN_TYPE = YES_ERROR;
				GCC_WARN_UNDECLARED_SELECTOR = YES;
				GCC_WARN_UNINITIALIZED_AUTOS = YES_AGGRESSIVE;
				GCC_WARN_UNUSED_FUNCTION = YES;
				GCC_WARN_UNUSED_VARIABLE = YES;
				MACOSX_DEPLOYMENT_TARGET = 10.12;
				MTL_ENABLE_DEBUG_INFO = NO;
				SDKROOT = macosx;
			};
			name = Release;
		};
		9A670CF71DA325BF00E619FE /* Debug */ = {
			isa = XCBuildConfiguration;
			buildSettings = {
				CLANG_CXX_LANGUAGE_STANDARD = "c++14";
				PRODUCT_NAME = "$(TARGET_NAME)";
			};
			name = Debug;
		};
		9A670CF81DA325BF00E619FE /* Release */ = {
			isa = XCBuildConfiguration;
			buildSettings = {
				CLANG_CXX_LANGUAGE_STANDARD = "c++14";
				PRODUCT_NAME = "$(TARGET_NAME)";
			};
			name = Release;
		};
/* End XCBuildConfiguration section */

/* Begin XCConfigurationList section */
		9A670CEA1DA325BF00E619FE /* Build configuration list for PBXProject "better-code" */ = {
			isa = XCConfigurationList;
			buildConfigurations = (
				9A670CF41DA325BF00E619FE /* Debug */,
				9A670CF51DA325BF00E619FE /* Release */,
			);
			defaultConfigurationIsVisible = 0;
			defaultConfigurationName = Release;
		};
		9A670CF61DA325BF00E619FE /* Build configuration list for PBXNativeTarget "better-code" */ = {
			isa = XCConfigurationList;
			buildConfigurations = (
				9A670CF71DA325BF00E619FE /* Debug */,
				9A670CF81DA325BF00E619FE /* Release */,
			);
			defaultConfigurationIsVisible = 0;
			defaultConfigurationName = Release;
		};
/* End XCConfigurationList section */
	};
	rootObject = 9A670CE71DA325BF00E619FE /* Project object */;
}
